
Microsoft Visual Studio Solution File, Format Version 11.00
# Visual Studio 2010
Project("{FAE04EC0-301F-11D3-BF4B-00C04F79EFBC}") = "Assembly-CSharp", "Assembly-CSharp.csproj", "{b50056b6-7445-1b67-3462-513ce8e45fbd}"
EndProject
Project("{FAE04EC0-301F-11D3-BF4B-00C04F79EFBC}") = "Assembly-CSharp-Editor", "Assembly-CSharp-Editor.csproj", "{2de6418a-7147-528c-4790-ed4389a0de30}"
EndProject
Global
	GlobalSection(SolutionConfigurationPlatforms) = preSolution
		Debug|Any CPU = Debug|Any CPU
	EndGlobalSection
	GlobalSection(ProjectConfigurationPlatforms) = postSolution
		{b50056b6-7445-1b67-3462-513ce8e45fbd}.Debug|Any CPU.ActiveCfg = Debug|Any CPU
		{b50056b6-7445-1b67-3462-513ce8e45fbd}.Debug|Any CPU.Build.0 = Debug|Any CPU
		{2de6418a-7147-528c-4790-ed4389a0de30}.Debug|Any CPU.ActiveCfg = Debug|Any CPU
		{2de6418a-7147-528c-4790-ed4389a0de30}.Debug|Any CPU.Build.0 = Debug|Any CPU
	EndGlobalSection
	GlobalSection(SolutionProperties) = preSolution
		HideSolutionNode = FALSE
	EndGlobalSection
EndGlobal
